// !$*UTF8*$!
{
	archiveVersion = 1;
	classes = {
	};
	objectVersion = 46;
	objects = {

/* Begin PBXBuildFile section */
		CC0C056A1AEBD11100D18618 /* main.cpp in Sources */ = {isa = PBXBuildFile; fileRef = CC0C05691AEBD11100D18618 /* main.cpp */; };
		CC0C05731AEBD17800D18618 /* tinyxml2.cpp in Sources */ = {isa = PBXBuildFile; fileRef = CC0C05711AEBD17800D18618 /* tinyxml2.cpp */; };
/* End PBXBuildFile section */

/* Begin PBXCopyFilesBuildPhase section */
		CC0C05641AEBD11100D18618 /* CopyFiles */ = {
			isa = PBXCopyFilesBuildPhase;
			buildActionMask = 2147483647;
			dstPath = /usr/share/man/man1/;
			dstSubfolderSpec = 0;
			files = (
			);
			runOnlyForDeploymentPostprocessing = 1;
		};
/* End PBXCopyFilesBuildPhase section */

/* Begin PBXFileReference section */
		CC0C05661AEBD11100D18618 /* TableControl */ = {isa = PBXFileReference; explicitFileType = "compiled.mach-o.executable"; includeInIndex = 0; path = TableControl; sourceTree = BUILT_PRODUCTS_DIR; };
		CC0C05691AEBD11100D18618 /* main.cpp */ = {isa = PBXFileReference; lastKnownFileType = sourcecode.cpp.cpp; path = main.cpp; sourceTree = "<group>"; };
		CC0C05711AEBD17800D18618 /* tinyxml2.cpp */ = {isa = PBXFileReference; fileEncoding = 4; lastKnownFileType = sourcecode.cpp.cpp; name = tinyxml2.cpp; path = ../../tinyxml2/tinyxml2.cpp; sourceTree = "<group>"; };
		CC0C05721AEBD17800D18618 /* tinyxml2.h */ = {isa = PBXFileReference; fileEncoding = 4; lastKnownFileType = sourcecode.c.h; name = tinyxml2.h; path = ../../tinyxml2/tinyxml2.h; sourceTree = "<group>"; };
/* End PBXFileReference section */

/* Begin PBXFrameworksBuildPhase section */
		CC0C05631AEBD11100D18618 /* Frameworks */ = {
			isa = PBXFrameworksBuildPhase;
			buildActionMask = 2147483647;
			files = (
			);
			runOnlyForDeploymentPostprocessing = 0;
		};
/* End PBXFrameworksBuildPhase section */

/* Begin PBXGroup section */
		CC0C055D1AEBD11000D18618 = {
			isa = PBXGroup;
			children = (
				CC0C05681AEBD11100D18618 /* TableControl */,
				CC0C05671AEBD11100D18618 /* Products */,
			);
			sourceTree = "<group>";
		};
		CC0C05671AEBD11100D18618 /* Products */ = {
			isa = PBXGroup;
			children = (
				CC0C05661AEBD11100D18618 /* TableControl */,
			);
			name = Products;
			sourceTree = "<group>";
		};
		CC0C05681AEBD11100D18618 /* TableControl */ = {
			isa = PBXGroup;
			children = (
				CC0C05701AEBD12E00D18618 /* TinyXml2 */,
				CC0C05691AEBD11100D18618 /* main.cpp */,
			);
			path = TableControl;
			sourceTree = "<group>";
		};
		CC0C05701AEBD12E00D18618 /* TinyXml2 */ = {
			isa = PBXGroup;
			children = (
				CC0C05711AEBD17800D18618 /* tinyxml2.cpp */,
				CC0C05721AEBD17800D18618 /* tinyxml2.h */,
			);
			name = TinyXml2;
			sourceTree = "<group>";
		};
/* End PBXGroup section */

/* Begin PBXNativeTarget section */
		CC0C05651AEBD11100D18618 /* TableControl */ = {
			isa = PBXNativeTarget;
			buildConfigurationList = CC0C056D1AEBD11100D18618 /* Build configuration list for PBXNativeTarget "TableControl" */;
			buildPhases = (
				CC0C05621AEBD11100D18618 /* Sources */,
				CC0C05631AEBD11100D18618 /* Frameworks */,
				CC0C05641AEBD11100D18618 /* CopyFiles */,
			);
			buildRules = (
			);
			dependencies = (
			);
			name = TableControl;
			productName = TableControl;
			productReference = CC0C05661AEBD11100D18618 /* TableControl */;
			productType = "com.apple.product-type.tool";
		};
/* End PBXNativeTarget section */

/* Begin PBXProject section */
		CC0C055E1AEBD11000D18618 /* Project object */ = {
			isa = PBXProject;
			attributes = {
				LastUpgradeCheck = 0620;
				ORGANIZATIONNAME = "寒春 郭";
				TargetAttributes = {
					CC0C05651AEBD11100D18618 = {
						CreatedOnToolsVersion = 6.2;
					};
				};
			};
			buildConfigurationList = CC0C05611AEBD11000D18618 /* Build configuration list for PBXProject "TableControl" */;
			compatibilityVersion = "Xcode 3.2";
			developmentRegion = English;
			hasScannedForEncodings = 0;
			knownRegions = (
				en,
			);
			mainGroup = CC0C055D1AEBD11000D18618;
			productRefGroup = CC0C05671AEBD11100D18618 /* Products */;
			projectDirPath = "";
			projectRoot = "";
			targets = (
				CC0C05651AEBD11100D18618 /* TableControl */,
			);
		};
/* End PBXProject section */

/* Begin PBXSourcesBuildPhase section */
		CC0C05621AEBD11100D18618 /* Sources */ = {
			isa = PBXSourcesBuildPhase;
			buildActionMask = 2147483647;
			files = (
				CC0C05731AEBD17800D18618 /* tinyxml2.cpp in Sources */,
				CC0C056A1AEBD11100D18618 /* main.cpp in Sources */,
			);
			runOnlyForDeploymentPostprocessing = 0;
		};
/* End PBXSourcesBuildPhase section */

/* Begin XCBuildConfiguration section */
		CC0C056B1AEBD11100D18618 /* Debug */ = {
			isa = XCBuildConfiguration;
			buildSettings = {
				ALWAYS_SEARCH_USER_PATHS = NO;
				CLANG_CXX_LANGUAGE_STANDARD = "gnu++0x";
				CLANG_CXX_LIBRARY = "libc++";
				CLANG_ENABLE_MODULES = YES;
				CLANG_ENABLE_OBJC_ARC = YES;
				CLANG_WARN_BOOL_CONVERSION = YES;
				CLANG_WARN_CONSTANT_CONVERSION = YES;
				CLANG_WARN_DIRECT_OBJC_ISA_USAGE = YES_ERROR;
				CLANG_WARN_EMPTY_BODY = YES;
				CLANG_WARN_ENUM_CONVERSION = YES;
				CLANG_WARN_INT_CONVERSION = YES;
				CLANG_WARN_OBJC_ROOT_CLASS = YES_ERROR;
				CLANG_WARN_UNREACHABLE_CODE = YES;
				CLANG_WARN__DUPLICATE_METHOD_MATCH = YES;
				COPY_PHASE_STRIP = NO;
				ENABLE_STRICT_OBJC_MSGSEND = YES;
				GCC_C_LANGUAGE_STANDARD = gnu99;
				GCC_DYNAMIC_NO_PIC = NO;
				GCC_OPTIMIZATION_LEVEL = 0;
				GCC_PREPROCESSOR_DEFINITIONS = (
					"DEBUG=1",
					"$(inherited)",
				);
				GCC_SYMBOLS_PRIVATE_EXTERN = NO;
				GCC_WARN_64_TO_32_BIT_CONVERSION = YES;
				GCC_WARN_ABOUT_RETURN_TYPE = YES_ERROR;
				GCC_WARN_UNDECLARED_SELECTOR = YES;
				GCC_WARN_UNINITIALIZED_AUTOS = YES_AGGRESSIVE;
				GCC_WARN_UNUSED_FUNCTION = YES;
				GCC_WARN_UNUSED_VARIABLE = YES;
				MACOSX_DEPLOYMENT_TARGET = 10.9;
				MTL_ENABLE_DEBUG_INFO = YES;
				ONLY_ACTIVE_ARCH = YES;
				SDKROOT = macosx;
			};
			name = Debug;
		};
		CC0C056C1AEBD11100D18618 /* Release */ = {
			isa = XCBuildConfiguration;
			buildSettings = {
				ALWAYS_SEARCH_USER_PATHS = NO;
				CLANG_CXX_LANGUAGE_STANDARD = "gnu++0x";
				CLANG_CXX_LIBRARY = "libc++";
				CLANG_ENABLE_MODULES = YES;
				CLANG_ENABLE_OBJC_ARC = YES;
				CLANG_WARN_BOOL_CONVERSION = YES;
				CLANG_WARN_CONSTANT_CONVERSION = YES;
				CLANG_WARN_DIRECT_OBJC_ISA_USAGE = YES_ERROR;
				CLANG_WARN_EMPTY_BODY = YES;
				CLANG_WARN_ENUM_CONVERSION = YES;
				CLANG_WARN_INT_CONVERSION = YES;
				CLANG_WARN_OBJC_ROOT_CLASS = YES_ERROR;
				CLANG_WARN_UNREACHABLE_CODE = YES;
				CLANG_WARN__DUPLICATE_METHOD_MATCH = YES;
				COPY_PHASE_STRIP = NO;
				DEBUG_INFORMATION_FORMAT = "dwarf-with-dsym";
				ENABLE_NS_ASSERTIONS = NO;
				ENABLE_STRICT_OBJC_MSGSEND = YES;
				GCC_C_LANGUAGE_STANDARD = gnu99;
				GCC_WARN_64_TO_32_BIT_CONVERSION = YES;
				GCC_WARN_ABOUT_RETURN_TYPE = YES_ERROR;
				GCC_WARN_UNDECLARED_SELECTOR = YES;
				GCC_WARN_UNINITIALIZED_AUTOS = YES_AGGRESSIVE;
				GCC_WARN_UNUSED_FUNCTION = YES;
				GCC_WARN_UNUSED_VARIABLE = YES;
				MACOSX_DEPLOYMENT_TARGET = 10.9;
				MTL_ENABLE_DEBUG_INFO = NO;
				SDKROOT = macosx;
			};
			name = Release;
		};
		CC0C056E1AEBD11100D18618 /* Debug */ = {
			isa = XCBuildConfiguration;
			buildSettings = {
				PRODUCT_NAME = "$(TARGET_NAME)";
			};
			name = Debug;
		};
		CC0C056F1AEBD11100D18618 /* Release */ = {
			isa = XCBuildConfiguration;
			buildSettings = {
				PRODUCT_NAME = "$(TARGET_NAME)";
			};
			name = Release;
		};
/* End XCBuildConfiguration section */

/* Begin XCConfigurationList section */
		CC0C05611AEBD11000D18618 /* Build configuration list for PBXProject "TableControl" */ = {
			isa = XCConfigurationList;
			buildConfigurations = (
				CC0C056B1AEBD11100D18618 /* Debug */,
				CC0C056C1AEBD11100D18618 /* Release */,
			);
			defaultConfigurationIsVisible = 0;
			defaultConfigurationName = Release;
		};
		CC0C056D1AEBD11100D18618 /* Build configuration list for PBXNativeTarget "TableControl" */ = {
			isa = XCConfigurationList;
			buildConfigurations = (
				CC0C056E1AEBD11100D18618 /* Debug */,
				CC0C056F1AEBD11100D18618 /* Release */,
			);
			defaultConfigurationIsVisible = 0;
		};
/* End XCConfigurationList section */
	};
	rootObject = CC0C055E1AEBD11000D18618 /* Project object */;
}
