<?xml version="1.0" encoding="utf-8"?>
<Project ToolsVersion="4.0" xmlns="http://schemas.microsoft.com/developer/msbuild/2003">
  <ItemGroup>
    <Filter Include="源文件">
      <UniqueIdentifier>{4FC737F1-C7A5-4376-A066-2A32D752A2FF}</UniqueIdentifier>
      <Extensions>cpp;c;cc;cxx;def;odl;idl;hpj;bat;asm;asmx</Extensions>
    </Filter>
    <Filter Include="头文件">
      <UniqueIdentifier>{93995380-89BD-4b04-88EB-625FBE52EBFB}</UniqueIdentifier>
      <Extensions>h;hh;hpp;hxx;hm;inl;inc;xsd</Extensions>
    </Filter>
    <Filter Include="资源文件">
      <UniqueIdentifier>{67DA6AB6-F800-4c08-8B7A-83BB121AAD01}</UniqueIdentifier>
      <Extensions>rc;ico;cur;bmp;dlg;rc2;rct;bin;rgs;gif;jpg;jpeg;jpe;resx;tiff;tif;png;wav;mfcribbon-ms</Extensions>
    </Filter>
    <Filter Include="zlib">
      <UniqueIdentifier>{6e85372e-f6b9-4c5c-a952-7c7635c5a956}</UniqueIdentifier>
    </Filter>
    <Filter Include="tinyxml2">
      <UniqueIdentifier>{95626d63-00de-4b5a-b7f6-16449a724757}</UniqueIdentifier>
    </Filter>
    <Filter Include="protobuf">
      <UniqueIdentifier>{d13a5657-8271-4df4-bbeb-c07bb9e6863b}</UniqueIdentifier>
    </Filter>
    <Filter Include="google">
      <UniqueIdentifier>{122200e1-4213-4f41-bfe4-23a3967a9a06}</UniqueIdentifier>
    </Filter>
    <Filter Include="Hcbase">
      <UniqueIdentifier>{524148c5-19cd-4fe9-8405-30c68c8e1000}</UniqueIdentifier>
    </Filter>
  </ItemGroup>
  <ItemGroup>
    <ClInclude Include="..\zlib\zconf.h">
      <Filter>zlib</Filter>
    </ClInclude>
    <ClInclude Include="..\zlib\zlib.h">
      <Filter>zlib</Filter>
    </ClInclude>
    <ClInclude Include="..\tinyxml2\tinyxml2.h">
      <Filter>tinyxml2</Filter>
    </ClInclude>
    <ClInclude Include="..\HelpFunc.h">
      <Filter>头文件</Filter>
    </ClInclude>
    <ClInclude Include="..\zlib\Unzipper.h">
      <Filter>zlib</Filter>
    </ClInclude>
    <ClInclude Include="..\zlib\Zipper.h">
      <Filter>zlib</Filter>
    </ClInclude>
    <ClInclude Include="..\zlib\ioapi.h">
      <Filter>zlib</Filter>
    </ClInclude>
    <ClInclude Include="..\zlib\iowin32.h">
      <Filter>zlib</Filter>
    </ClInclude>
    <ClInclude Include="..\zlib\unzip.h">
      <Filter>zlib</Filter>
    </ClInclude>
    <ClInclude Include="..\zlib\zip.h">
      <Filter>zlib</Filter>
    </ClInclude>
    <ClInclude Include="..\zlib\FILEMISC.H">
      <Filter>zlib</Filter>
    </ClInclude>
    <ClInclude Include="stdafx.h">
      <Filter>头文件</Filter>
    </ClInclude>
    <ClInclude Include="..\protobuf\testtable.pb.h">
      <Filter>protobuf</Filter>
    </ClInclude>
    <ClInclude Include="..\HelpXlsx.h">
      <Filter>头文件</Filter>
    </ClInclude>
    <ClInclude Include="..\protobuf\protobufhead.h">
      <Filter>protobuf</Filter>
    </ClInclude>
    <ClInclude Include="..\HcBase\HcSingleton.h">
      <Filter>Hcbase</Filter>
    </ClInclude>
  </ItemGroup>
  <ItemGroup>
    <ClCompile Include="..\tinyxml2\tinyxml2.cpp">
      <Filter>tinyxml2</Filter>
    </ClCompile>
    <ClCompile Include="..\HelpFunc.cpp">
      <Filter>源文件</Filter>
    </ClCompile>
    <ClCompile Include="WinMain.cpp">
      <Filter>源文件</Filter>
    </ClCompile>
    <ClCompile Include="..\zlib\Unzipper.cpp">
      <Filter>zlib</Filter>
    </ClCompile>
    <ClCompile Include="..\zlib\Zipper.cpp">
      <Filter>zlib</Filter>
    </ClCompile>
    <ClCompile Include="..\zlib\FILEMISC.CPP">
      <Filter>zlib</Filter>
    </ClCompile>
    <ClCompile Include="..\protobuf\testtable.pb.cc">
      <Filter>protobuf</Filter>
    </ClCompile>
    <ClCompile Include="..\HelpXlsx.cpp">
      <Filter>源文件</Filter>
    </ClCompile>
  </ItemGroup>
  <ItemGroup>
    <None Include="..\protobuf\testtable.proto">
      <Filter>protobuf</Filter>
    </None>
  </ItemGroup>
</Project>